
Microsoft Visual Studio Solution File, Format Version 12.00
# Visual Studio Version 17
VisualStudioVersion = 17.5.33414.496
MinimumVisualStudioVersion = 10.0.40219.1
Project("{FAE04EC0-301F-11D3-BF4B-00C04F79EFBC}") = "ASP.NETCoreCICDDemo", "ASP.NETCoreCICDDemo\ASP.NETCoreCICDDemo.csproj", "{2BDD91F9-4B0E-4420-96CA-9E6CB5B323BF}"
EndProject
Global
	GlobalSection(SolutionConfigurationPlatforms) = preSolution
		Debug|Any CPU = Debug|Any CPU
		Release|Any CPU = Release|Any CPU
	EndGlobalSection
	GlobalSection(ProjectConfigurationPlatforms) = postSolution
		{2BDD91F9-4B0E-4420-96CA-9E6CB5B323BF}.Debug|Any CPU.ActiveCfg = Debug|Any CPU
		{2BDD91F9-4B0E-4420-96CA-9E6CB5B323BF}.Debug|Any CPU.Build.0 = Debug|Any CPU
		{2BDD91F9-4B0E-4420-96CA-9E6CB5B323BF}.Release|Any CPU.ActiveCfg = Release|Any CPU
		{2BDD91F9-4B0E-4420-96CA-9E6CB5B323BF}.Release|Any CPU.Build.0 = Release|Any CPU
	EndGlobalSection
	GlobalSection(SolutionProperties) = preSolution
		HideSolutionNode = FALSE
	EndGlobalSection
	GlobalSection(ExtensibilityGlobals) = postSolution
		SolutionGuid = {90DB6ED1-7B4C-410B-B511-8512FBFC9F68}
	EndGlobalSection
EndGlobal
